
Microsoft Visual Studio Solution File, Format Version 12.00
# Visual Studio 15
VisualStudioVersion = 15.0.27130.2036
MinimumVisualStudioVersion = 10.0.40219.1
Project("{2150E333-8FDC-42A3-9474-1A3956D46DE8}") = "1-Presentation", "1-Presentation", "{82B2434D-368C-4145-84A6-121088945316}"
EndProject
Project("{2150E333-8FDC-42A3-9474-1A3956D46DE8}") = "4-Infrastructure", "4-Infrastructure", "{F08D6C79-58D5-4341-B39C-AEFB5A33ED67}"
EndProject
Project("{2150E333-8FDC-42A3-9474-1A3956D46DE8}") = "3-Domain", "3-Domain", "{2C49EBB1-F998-42E8-A9B4-7AB028140B19}"
EndProject
Project("{2150E333-8FDC-42A3-9474-1A3956D46DE8}") = "2-Application Service", "2-Application Service", "{D5539D86-F180-4716-B754-BD66E386ECA6}"
EndProject
Project("{FAE04EC0-301F-11D3-BF4B-00C04F79EFBC}") = "ControleVeiculos.MVC", "ControleVeiculos.MVC\ControleVeiculos.MVC.csproj", "{0F829173-4A4C-4BC0-A936-FEB85B058294}"
	ProjectSection(ProjectDependencies) = postProject
		{C1716B09-BA02-4B2D-9D1F-5C4F10858D09} = {C1716B09-BA02-4B2D-9D1F-5C4F10858D09}
		{15459321-03DF-4C66-B1B9-A7899331E50B} = {15459321-03DF-4C66-B1B9-A7899331E50B}
	EndProjectSection
EndProject
Project("{FAE04EC0-301F-11D3-BF4B-00C04F79EFBC}") = "ControleVeiculos.ApplicationService", "ControleVeiculos.ApplicationService\ControleVeiculos.ApplicationService.csproj", "{C1716B09-BA02-4B2D-9D1F-5C4F10858D09}"
EndProject
Project("{FAE04EC0-301F-11D3-BF4B-00C04F79EFBC}") = "ControleVeiculos.Domain", "ControleVeiculos.Domain\ControleVeiculos.Domain.csproj", "{5792190A-BCE6-4913-A42E-86FDD7076F87}"
EndProject
Project("{FAE04EC0-301F-11D3-BF4B-00C04F79EFBC}") = "ControleVeiculos.SharedKernel", "ControleVeiculos.SharedKernel\ControleVeiculos.SharedKernel.csproj", "{100F3A9D-209A-4210-AC31-CDEBB5CABFDB}"
EndProject
Project("{FAE04EC0-301F-11D3-BF4B-00C04F79EFBC}") = "ControleVeiculos.CrossCutting", "ControleVeiculos.CrossCutting\ControleVeiculos.CrossCutting.csproj", "{7FD5D06D-B901-45F1-B515-7072AD6EA3D6}"
	ProjectSection(ProjectDependencies) = postProject
		{C1716B09-BA02-4B2D-9D1F-5C4F10858D09} = {C1716B09-BA02-4B2D-9D1F-5C4F10858D09}
	EndProjectSection
EndProject
Project("{FAE04EC0-301F-11D3-BF4B-00C04F79EFBC}") = "ControleVeiculos.Repository", "ControleVeiculos.Repository\ControleVeiculos.Repository.csproj", "{15459321-03DF-4C66-B1B9-A7899331E50B}"
EndProject
Global
	GlobalSection(SolutionConfigurationPlatforms) = preSolution
		Debug|Any CPU = Debug|Any CPU
		Debug|x86 = Debug|x86
		Release|Any CPU = Release|Any CPU
		Release|x86 = Release|x86
	EndGlobalSection
	GlobalSection(ProjectConfigurationPlatforms) = postSolution
		{0F829173-4A4C-4BC0-A936-FEB85B058294}.Debug|Any CPU.ActiveCfg = Debug|Any CPU
		{0F829173-4A4C-4BC0-A936-FEB85B058294}.Debug|Any CPU.Build.0 = Debug|Any CPU
		{0F829173-4A4C-4BC0-A936-FEB85B058294}.Debug|x86.ActiveCfg = Debug|x86
		{0F829173-4A4C-4BC0-A936-FEB85B058294}.Debug|x86.Build.0 = Debug|x86
		{0F829173-4A4C-4BC0-A936-FEB85B058294}.Release|Any CPU.ActiveCfg = Release|Any CPU
		{0F829173-4A4C-4BC0-A936-FEB85B058294}.Release|Any CPU.Build.0 = Release|Any CPU
		{0F829173-4A4C-4BC0-A936-FEB85B058294}.Release|x86.ActiveCfg = Release|x86
		{0F829173-4A4C-4BC0-A936-FEB85B058294}.Release|x86.Build.0 = Release|x86
		{C1716B09-BA02-4B2D-9D1F-5C4F10858D09}.Debug|Any CPU.ActiveCfg = Debug|Any CPU
		{C1716B09-BA02-4B2D-9D1F-5C4F10858D09}.Debug|Any CPU.Build.0 = Debug|Any CPU
		{C1716B09-BA02-4B2D-9D1F-5C4F10858D09}.Debug|x86.ActiveCfg = Debug|x86
		{C1716B09-BA02-4B2D-9D1F-5C4F10858D09}.Debug|x86.Build.0 = Debug|x86
		{C1716B09-BA02-4B2D-9D1F-5C4F10858D09}.Release|Any CPU.ActiveCfg = Release|Any CPU
		{C1716B09-BA02-4B2D-9D1F-5C4F10858D09}.Release|Any CPU.Build.0 = Release|Any CPU
		{C1716B09-BA02-4B2D-9D1F-5C4F10858D09}.Release|x86.ActiveCfg = Release|x86
		{C1716B09-BA02-4B2D-9D1F-5C4F10858D09}.Release|x86.Build.0 = Release|x86
		{5792190A-BCE6-4913-A42E-86FDD7076F87}.Debug|Any CPU.ActiveCfg = Debug|Any CPU
		{5792190A-BCE6-4913-A42E-86FDD7076F87}.Debug|Any CPU.Build.0 = Debug|Any CPU
		{5792190A-BCE6-4913-A42E-86FDD7076F87}.Debug|x86.ActiveCfg = Debug|x86
		{5792190A-BCE6-4913-A42E-86FDD7076F87}.Debug|x86.Build.0 = Debug|x86
		{5792190A-BCE6-4913-A42E-86FDD7076F87}.Release|Any CPU.ActiveCfg = Release|Any CPU
		{5792190A-BCE6-4913-A42E-86FDD7076F87}.Release|Any CPU.Build.0 = Release|Any CPU
		{5792190A-BCE6-4913-A42E-86FDD7076F87}.Release|x86.ActiveCfg = Release|x86
		{5792190A-BCE6-4913-A42E-86FDD7076F87}.Release|x86.Build.0 = Release|x86
		{100F3A9D-209A-4210-AC31-CDEBB5CABFDB}.Debug|Any CPU.ActiveCfg = Debug|Any CPU
		{100F3A9D-209A-4210-AC31-CDEBB5CABFDB}.Debug|Any CPU.Build.0 = Debug|Any CPU
		{100F3A9D-209A-4210-AC31-CDEBB5CABFDB}.Debug|x86.ActiveCfg = Debug|x86
		{100F3A9D-209A-4210-AC31-CDEBB5CABFDB}.Debug|x86.Build.0 = Debug|x86
		{100F3A9D-209A-4210-AC31-CDEBB5CABFDB}.Release|Any CPU.ActiveCfg = Release|Any CPU
		{100F3A9D-209A-4210-AC31-CDEBB5CABFDB}.Release|Any CPU.Build.0 = Release|Any CPU
		{100F3A9D-209A-4210-AC31-CDEBB5CABFDB}.Release|x86.ActiveCfg = Release|x86
		{100F3A9D-209A-4210-AC31-CDEBB5CABFDB}.Release|x86.Build.0 = Release|x86
		{7FD5D06D-B901-45F1-B515-7072AD6EA3D6}.Debug|Any CPU.ActiveCfg = Debug|Any CPU
		{7FD5D06D-B901-45F1-B515-7072AD6EA3D6}.Debug|Any CPU.Build.0 = Debug|Any CPU
		{7FD5D06D-B901-45F1-B515-7072AD6EA3D6}.Debug|x86.ActiveCfg = Debug|x86
		{7FD5D06D-B901-45F1-B515-7072AD6EA3D6}.Debug|x86.Build.0 = Debug|x86
		{7FD5D06D-B901-45F1-B515-7072AD6EA3D6}.Release|Any CPU.ActiveCfg = Release|Any CPU
		{7FD5D06D-B901-45F1-B515-7072AD6EA3D6}.Release|Any CPU.Build.0 = Release|Any CPU
		{7FD5D06D-B901-45F1-B515-7072AD6EA3D6}.Release|x86.ActiveCfg = Release|x86
		{7FD5D06D-B901-45F1-B515-7072AD6EA3D6}.Release|x86.Build.0 = Release|x86
		{15459321-03DF-4C66-B1B9-A7899331E50B}.Debug|Any CPU.ActiveCfg = Debug|Any CPU
		{15459321-03DF-4C66-B1B9-A7899331E50B}.Debug|Any CPU.Build.0 = Debug|Any CPU
		{15459321-03DF-4C66-B1B9-A7899331E50B}.Debug|x86.ActiveCfg = Debug|x86
		{15459321-03DF-4C66-B1B9-A7899331E50B}.Debug|x86.Build.0 = Debug|x86
		{15459321-03DF-4C66-B1B9-A7899331E50B}.Release|Any CPU.ActiveCfg = Release|Any CPU
		{15459321-03DF-4C66-B1B9-A7899331E50B}.Release|Any CPU.Build.0 = Release|Any CPU
		{15459321-03DF-4C66-B1B9-A7899331E50B}.Release|x86.ActiveCfg = Release|x86
		{15459321-03DF-4C66-B1B9-A7899331E50B}.Release|x86.Build.0 = Release|x86
	EndGlobalSection
	GlobalSection(SolutionProperties) = preSolution
		HideSolutionNode = FALSE
	EndGlobalSection
	GlobalSection(NestedProjects) = preSolution
		{0F829173-4A4C-4BC0-A936-FEB85B058294} = {82B2434D-368C-4145-84A6-121088945316}
		{C1716B09-BA02-4B2D-9D1F-5C4F10858D09} = {D5539D86-F180-4716-B754-BD66E386ECA6}
		{5792190A-BCE6-4913-A42E-86FDD7076F87} = {2C49EBB1-F998-42E8-A9B4-7AB028140B19}
		{100F3A9D-209A-4210-AC31-CDEBB5CABFDB} = {2C49EBB1-F998-42E8-A9B4-7AB028140B19}
		{7FD5D06D-B901-45F1-B515-7072AD6EA3D6} = {F08D6C79-58D5-4341-B39C-AEFB5A33ED67}
		{15459321-03DF-4C66-B1B9-A7899331E50B} = {F08D6C79-58D5-4341-B39C-AEFB5A33ED67}
	EndGlobalSection
	GlobalSection(ExtensibilityGlobals) = postSolution
		SolutionGuid = {E58BCFC4-97D0-4BE7-A211-D9B40B6F639A}
	EndGlobalSection
EndGlobal
